github.com/bmizerany/assert v0.0.0-20160611221934-b7ed37b82869 h1:DDGfHa7BWjL4YnC6+E63dPcxHo2sUxDIu8g3QgEJdRY=
github.com/bmizerany/assert v0.0.0-20160611221934-b7ed37b82869/go.mod h1:Ekp36dRnpXw/yCqJaO+ZrUyxD+3VXMFFr56k5XYrpB4=
github.com/bmizerany/pat v0.0.0-20140625234703-b8a35001b773 h1:u92n4d/2otMkjVmGnxLPUkl/P+eOKqcgxREHWl/2/6Y=
github.com/bmizerany/pat v0.0.0-20140625234703-b8a35001b773/go.mod h1:8rLXio+WjiTceGBHIoTvn60HIbs7Hm7bcHjyrSqYB9c=
github.com/cenkalti/backoff v0.0.0-20141021115448-6a458ae422d1 h1:poHeqziBk/i7VZLF5K4vrZlezmS02VB1v6uY1EdQRHk=
github.com/cenkalti/backoff v0.0.0-20141021115448-6a458ae422d1/go.mod h1:90ReRw6GdpyfrHakVjL/QHaoyV4aDUVVkXQJJJ3NXXM=
github.com/fzzy/radix v0.4.9-0.20141113025130-a3a55de9c594 h1:oNI7duAqnx59p+HQvLXlVcACWG50vb0QhH1JVdhnqCk=
github.com/fzzy/radix v0.4.9-0.20141113025130-a3a55de9c594/go.mod h1:KhtJfdbo4PD2LEOYO7QCVSIH0pOcZEZ/SpNsXgwQtkk=
github.com/go-sql-driver/mysql v1.2.1-0.20140926190841-954375029540 h1:gIPaR0uO9daNQjRvOU5x9HlVqZcjngcm0vLu28pgQl4=
github.com/go-sql-driver/mysql v1.2.1-0.20140926190841-954375029540/go.mod h1:zAC/RDZ24gD3HViQzih4MyKcchzm+sOG5ZlKdlhCg5w=
github.com/kr/pretty v0.1.0 h1:L/CwN0zerZDmRFUapSPitk6f+Q3+0za1rQkzVuMiMFI=
github.com/kr/pretty v0.1.0/go.mod h1:dAy3ld7l9f0ibDNOQOHHMYYIIbhfbHSm3C4ZsoJORNo=
github.com/kr/pty v1.1.1/go.mod h1:pFQYn66WHrOpPYNljwOMqo10TkYh1fy3cYio2l3bCsQ=
github.com/kr/text v0.1.0 h1:45sCR5RtlFHMR4UwH9sdQ5TC8v0qDQCHnXt+kaKSTVE=
github.com/kr/text v0.1.0/go.mod h1:4Jbv+DJW3UT/LiOwJeYQe1efqtUx/iVham/4vfdArNI=
gopkg.in/gcfg.v1 v1.2.3 h1:m8OOJ4ccYHnx2f4gQwpno8nAX5OGOh7RLaaz0pj3Ogs=
gopkg.in/gcfg.v1 v1.2.3/go.mod h1:yesOnuUOFQAhST5vPY4nbZsb/huCgGGXlipJsBn0b3o=
gopkg.in/warnings.v0 v0.1.2 h1:wFXVbFY8DY5/xOe1ECiWdKCzZlxgshcYVNkBHstARME=
gopkg.in/warnings.v0 v0.1.2/go.mod h1:jksf8JmL6Qr/oQM2OXTHunEvvTAsrWBLb6OOjuVWRNI=
launchpad.net/gocheck v0.0.0-20140225173054-000000000087 h1:Izowp2XBH6Ya6rv+hqbceQyw/gSGoXfH/UPoTGduL54=
launchpad.net/gocheck v0.0.0-20140225173054-000000000087/go.mod h1:hj7XX3B/0A+80Vse0e+BUHsHMTEhd0O4cpUHr/e/BUM=
